
Microsoft Visual Studio Solution File, Format Version 12.00
# Visual Studio Version 17
VisualStudioVersion = 17.14.36804.6
MinimumVisualStudioVersion = 10.0.40219.1
Project("{2150E333-8FDC-42A3-9474-1A3956D46DE8}") = "tests", "tests", "{0AB3BF05-4346-4AA6-1389-037BE0695223}"
EndProject
Project("{FAE04EC0-301F-11D3-BF4B-00C04F79EFBC}") = "MSEMC.UnitTests", "tests\MSEMC.UnitTests\MSEMC.UnitTests.csproj", "{33F4CF7B-C734-4D8E-BE58-47316FB9FDE2}"
EndProject
Project("{FAE04EC0-301F-11D3-BF4B-00C04F79EFBC}") = "MSEMC.Shared", "MSEMC.Shared\MSEMC.Shared.csproj", "{84057480-FFAC-4584-9FDE-77F8216DB2CC}"
EndProject
Project("{FAE04EC0-301F-11D3-BF4B-00C04F79EFBC}") = "MSEMC.Api", "MSEMC.Api\MSEMC.Api.csproj", "{086CED5C-10A9-4C6E-B253-161B8FB27727}"
EndProject
Project("{FAE04EC0-301F-11D3-BF4B-00C04F79EFBC}") = "MSEMC.Worker", "MSEMC.Worker\MSEMC.Worker.csproj", "{9C00C23A-818A-4F71-866F-24011C4E9691}"
EndProject
Global
	GlobalSection(SolutionConfigurationPlatforms) = preSolution
		Debug|Any CPU = Debug|Any CPU
		Debug|x64 = Debug|x64
		Debug|x86 = Debug|x86
		Release|Any CPU = Release|Any CPU
		Release|x64 = Release|x64
		Release|x86 = Release|x86
	EndGlobalSection
	GlobalSection(ProjectConfigurationPlatforms) = postSolution
		{33F4CF7B-C734-4D8E-BE58-47316FB9FDE2}.Debug|Any CPU.ActiveCfg = Debug|Any CPU
		{33F4CF7B-C734-4D8E-BE58-47316FB9FDE2}.Debug|Any CPU.Build.0 = Debug|Any CPU
		{33F4CF7B-C734-4D8E-BE58-47316FB9FDE2}.Debug|x64.ActiveCfg = Debug|Any CPU
		{33F4CF7B-C734-4D8E-BE58-47316FB9FDE2}.Debug|x64.Build.0 = Debug|Any CPU
		{33F4CF7B-C734-4D8E-BE58-47316FB9FDE2}.Debug|x86.ActiveCfg = Debug|Any CPU
		{33F4CF7B-C734-4D8E-BE58-47316FB9FDE2}.Debug|x86.Build.0 = Debug|Any CPU
		{33F4CF7B-C734-4D8E-BE58-47316FB9FDE2}.Release|Any CPU.ActiveCfg = Release|Any CPU
		{33F4CF7B-C734-4D8E-BE58-47316FB9FDE2}.Release|Any CPU.Build.0 = Release|Any CPU
		{33F4CF7B-C734-4D8E-BE58-47316FB9FDE2}.Release|x64.ActiveCfg = Release|Any CPU
		{33F4CF7B-C734-4D8E-BE58-47316FB9FDE2}.Release|x64.Build.0 = Release|Any CPU
		{33F4CF7B-C734-4D8E-BE58-47316FB9FDE2}.Release|x86.ActiveCfg = Release|Any CPU
		{33F4CF7B-C734-4D8E-BE58-47316FB9FDE2}.Release|x86.Build.0 = Release|Any CPU
		{84057480-FFAC-4584-9FDE-77F8216DB2CC}.Debug|Any CPU.ActiveCfg = Debug|Any CPU
		{84057480-FFAC-4584-9FDE-77F8216DB2CC}.Debug|Any CPU.Build.0 = Debug|Any CPU
		{84057480-FFAC-4584-9FDE-77F8216DB2CC}.Debug|x64.ActiveCfg = Debug|Any CPU
		{84057480-FFAC-4584-9FDE-77F8216DB2CC}.Debug|x64.Build.0 = Debug|Any CPU
		{84057480-FFAC-4584-9FDE-77F8216DB2CC}.Debug|x86.ActiveCfg = Debug|Any CPU
		{84057480-FFAC-4584-9FDE-77F8216DB2CC}.Debug|x86.Build.0 = Debug|Any CPU
		{84057480-FFAC-4584-9FDE-77F8216DB2CC}.Release|Any CPU.ActiveCfg = Release|Any CPU
		{84057480-FFAC-4584-9FDE-77F8216DB2CC}.Release|Any CPU.Build.0 = Release|Any CPU
		{84057480-FFAC-4584-9FDE-77F8216DB2CC}.Release|x64.ActiveCfg = Release|Any CPU
		{84057480-FFAC-4584-9FDE-77F8216DB2CC}.Release|x64.Build.0 = Release|Any CPU
		{84057480-FFAC-4584-9FDE-77F8216DB2CC}.Release|x86.ActiveCfg = Release|Any CPU
		{84057480-FFAC-4584-9FDE-77F8216DB2CC}.Release|x86.Build.0 = Release|Any CPU
		{086CED5C-10A9-4C6E-B253-161B8FB27727}.Debug|Any CPU.ActiveCfg = Debug|Any CPU
		{086CED5C-10A9-4C6E-B253-161B8FB27727}.Debug|Any CPU.Build.0 = Debug|Any CPU
		{086CED5C-10A9-4C6E-B253-161B8FB27727}.Debug|x64.ActiveCfg = Debug|Any CPU
		{086CED5C-10A9-4C6E-B253-161B8FB27727}.Debug|x64.Build.0 = Debug|Any CPU
		{086CED5C-10A9-4C6E-B253-161B8FB27727}.Debug|x86.ActiveCfg = Debug|Any CPU
		{086CED5C-10A9-4C6E-B253-161B8FB27727}.Debug|x86.Build.0 = Debug|Any CPU
		{086CED5C-10A9-4C6E-B253-161B8FB27727}.Release|Any CPU.ActiveCfg = Release|Any CPU
		{086CED5C-10A9-4C6E-B253-161B8FB27727}.Release|Any CPU.Build.0 = Release|Any CPU
		{086CED5C-10A9-4C6E-B253-161B8FB27727}.Release|x64.ActiveCfg = Release|Any CPU
		{086CED5C-10A9-4C6E-B253-161B8FB27727}.Release|x64.Build.0 = Release|Any CPU
		{086CED5C-10A9-4C6E-B253-161B8FB27727}.Release|x86.ActiveCfg = Release|Any CPU
		{086CED5C-10A9-4C6E-B253-161B8FB27727}.Release|x86.Build.0 = Release|Any CPU
		{9C00C23A-818A-4F71-866F-24011C4E9691}.Debug|Any CPU.ActiveCfg = Debug|Any CPU
		{9C00C23A-818A-4F71-866F-24011C4E9691}.Debug|Any CPU.Build.0 = Debug|Any CPU
		{9C00C23A-818A-4F71-866F-24011C4E9691}.Debug|x64.ActiveCfg = Debug|Any CPU
		{9C00C23A-818A-4F71-866F-24011C4E9691}.Debug|x64.Build.0 = Debug|Any CPU
		{9C00C23A-818A-4F71-866F-24011C4E9691}.Debug|x86.ActiveCfg = Debug|Any CPU
		{9C00C23A-818A-4F71-866F-24011C4E9691}.Debug|x86.Build.0 = Debug|Any CPU
		{9C00C23A-818A-4F71-866F-24011C4E9691}.Release|Any CPU.ActiveCfg = Release|Any CPU
		{9C00C23A-818A-4F71-866F-24011C4E9691}.Release|Any CPU.Build.0 = Release|Any CPU
		{9C00C23A-818A-4F71-866F-24011C4E9691}.Release|x64.ActiveCfg = Release|Any CPU
		{9C00C23A-818A-4F71-866F-24011C4E9691}.Release|x64.Build.0 = Release|Any CPU
		{9C00C23A-818A-4F71-866F-24011C4E9691}.Release|x86.ActiveCfg = Release|Any CPU
		{9C00C23A-818A-4F71-866F-24011C4E9691}.Release|x86.Build.0 = Release|Any CPU
	EndGlobalSection
	GlobalSection(SolutionProperties) = preSolution
		HideSolutionNode = FALSE
	EndGlobalSection
	GlobalSection(NestedProjects) = preSolution
		{33F4CF7B-C734-4D8E-BE58-47316FB9FDE2} = {0AB3BF05-4346-4AA6-1389-037BE0695223}
	EndGlobalSection
	GlobalSection(ExtensibilityGlobals) = postSolution
		SolutionGuid = {A8941EBD-FB45-4A72-AD72-77BABCD050F6}
	EndGlobalSection
EndGlobal
